// !$*UTF8*$!
{
	archiveVersion = 1;
	classes = {
	};
	objectVersion = 77;
	objects = {

/* Begin PBXBuildFile section */
		2850AA892F0DC798009FC1D2 /* InlineSnapshotTesting in Frameworks */ = {isa = PBXBuildFile; productRef = 2850AA882F0DC798009FC1D2 /* InlineSnapshotTesting */; };
		2850AA8B2F0DC79C009FC1D2 /* SnapshotTesting in Frameworks */ = {isa = PBXBuildFile; productRef = 2850AA8A2F0DC79C009FC1D2 /* SnapshotTesting */; };
		2850AA8D2F0DC7A0009FC1D2 /* SnapshotTestingCustomDump in Frameworks */ = {isa = PBXBuildFile; productRef = 2850AA8C2F0DC7A0009FC1D2 /* SnapshotTestingCustomDump */; };
		2850AB4F2F0DD6E5009FC1D2 /* AppMetricaAdSupport in Frameworks */ = {isa = PBXBuildFile; productRef = 2850AB4E2F0DD6E5009FC1D2 /* AppMetricaAdSupport */; };
		2850AB512F0DD6E5009FC1D2 /* AppMetricaCore in Frameworks */ = {isa = PBXBuildFile; productRef = 2850AB502F0DD6E5009FC1D2 /* AppMetricaCore */; };
		2850AB532F0DD6E5009FC1D2 /* AppMetricaCrashes in Frameworks */ = {isa = PBXBuildFile; productRef = 2850AB522F0DD6E5009FC1D2 /* AppMetricaCrashes */; };
		2850AB552F0DD6E5009FC1D2 /* AppMetricaIDSync in Frameworks */ = {isa = PBXBuildFile; productRef = 2850AB542F0DD6E5009FC1D2 /* AppMetricaIDSync */; };
		2850AB572F0DD6E5009FC1D2 /* AppMetricaLibraryAdapter in Frameworks */ = {isa = PBXBuildFile; productRef = 2850AB562F0DD6E5009FC1D2 /* AppMetricaLibraryAdapter */; };
		2850AB592F0DD6E5009FC1D2 /* AppMetricaScreenshot in Frameworks */ = {isa = PBXBuildFile; productRef = 2850AB582F0DD6E5009FC1D2 /* AppMetricaScreenshot */; };
		2850AB5B2F0DD6E5009FC1D2 /* AppMetricaWebKit in Frameworks */ = {isa = PBXBuildFile; productRef = 2850AB5A2F0DD6E5009FC1D2 /* AppMetricaWebKit */; };
/* End PBXBuildFile section */

/* Begin PBXContainerItemProxy section */
		2850AA362F0DC535009FC1D2 /* PBXContainerItemProxy */ = {
			isa = PBXContainerItemProxy;
			containerPortal = 2835E6C82ECDFEA9004C0CA3 /* Project object */;
			proxyType = 1;
			remoteGlobalIDString = 2835E6CF2ECDFEA9004C0CA3;
			remoteInfo = Tracker;
		};
/* End PBXContainerItemProxy section */

/* Begin PBXFileReference section */
		2835E6D02ECDFEA9004C0CA3 /* Tracker.app */ = {isa = PBXFileReference; explicitFileType = wrapper.application; includeInIndex = 0; path = Tracker.app; sourceTree = BUILT_PRODUCTS_DIR; };
		2850AA322F0DC535009FC1D2 /* TrackerTests.xctest */ = {isa = PBXFileReference; explicitFileType = wrapper.cfbundle; includeInIndex = 0; path = TrackerTests.xctest; sourceTree = BUILT_PRODUCTS_DIR; };
/* End PBXFileReference section */

/* Begin PBXFileSystemSynchronizedBuildFileExceptionSet section */
		2835E6E22ECDFEAA004C0CA3 /* Exceptions for "Tracker" folder in "Tracker" target */ = {
			isa = PBXFileSystemSynchronizedBuildFileExceptionSet;
			membershipExceptions = (
				Info.plist,
			);
			target = 2835E6CF2ECDFEA9004C0CA3 /* Tracker */;
		};
/* End PBXFileSystemSynchronizedBuildFileExceptionSet section */

/* Begin PBXFileSystemSynchronizedRootGroup section */
		2835E6D22ECDFEA9004C0CA3 /* Tracker */ = {
			isa = PBXFileSystemSynchronizedRootGroup;
			exceptions = (
				2835E6E22ECDFEAA004C0CA3 /* Exceptions for "Tracker" folder in "Tracker" target */,
			);
			path = Tracker;
			sourceTree = "<group>";
		};
		2850AA332F0DC535009FC1D2 /* TrackerTests */ = {
			isa = PBXFileSystemSynchronizedRootGroup;
			path = TrackerTests;
			sourceTree = "<group>";
		};
/* End PBXFileSystemSynchronizedRootGroup section */

/* Begin PBXFrameworksBuildPhase section */
		2835E6CD2ECDFEA9004C0CA3 /* Frameworks */ = {
			isa = PBXFrameworksBuildPhase;
			buildActionMask = 2147483647;
			files = (
				2850AB592F0DD6E5009FC1D2 /* AppMetricaScreenshot in Frameworks */,
				2850AB552F0DD6E5009FC1D2 /* AppMetricaIDSync in Frameworks */,
				2850AB572F0DD6E5009FC1D2 /* AppMetricaLibraryAdapter in Frameworks */,
				2850AB5B2F0DD6E5009FC1D2 /* AppMetricaWebKit in Frameworks */,
				2850AB532F0DD6E5009FC1D2 /* AppMetricaCrashes in Frameworks */,
				2850AB4F2F0DD6E5009FC1D2 /* AppMetricaAdSupport in Frameworks */,
				2850AB512F0DD6E5009FC1D2 /* AppMetricaCore in Frameworks */,
			);
			runOnlyForDeploymentPostprocessing = 0;
		};
		2850AA2F2F0DC535009FC1D2 /* Frameworks */ = {
			isa = PBXFrameworksBuildPhase;
			buildActionMask = 2147483647;
			files = (
				2850AA8D2F0DC7A0009FC1D2 /* SnapshotTestingCustomDump in Frameworks */,
				2850AA892F0DC798009FC1D2 /* InlineSnapshotTesting in Frameworks */,
				2850AA8B2F0DC79C009FC1D2 /* SnapshotTesting in Frameworks */,
			);
			runOnlyForDeploymentPostprocessing = 0;
		};
/* End PBXFrameworksBuildPhase section */

/* Begin PBXGroup section */
		2835E6C72ECDFEA9004C0CA3 = {
			isa = PBXGroup;
			children = (
				2835E6D22ECDFEA9004C0CA3 /* Tracker */,
				2850AA332F0DC535009FC1D2 /* TrackerTests */,
				2850AA3C2F0DC70C009FC1D2 /* Frameworks */,
				2835E6D12ECDFEA9004C0CA3 /* Products */,
			);
			sourceTree = "<group>";
		};
		2835E6D12ECDFEA9004C0CA3 /* Products */ = {
			isa = PBXGroup;
			children = (
				2835E6D02ECDFEA9004C0CA3 /* Tracker.app */,
				2850AA322F0DC535009FC1D2 /* TrackerTests.xctest */,
			);
			name = Products;
			sourceTree = "<group>";
		};
		2850AA3C2F0DC70C009FC1D2 /* Frameworks */ = {
			isa = PBXGroup;
			children = (
			);
			name = Frameworks;
			sourceTree = "<group>";
		};
/* End PBXGroup section */

/* Begin PBXNativeTarget section */
		2835E6CF2ECDFEA9004C0CA3 /* Tracker */ = {
			isa = PBXNativeTarget;
			buildConfigurationList = 2835E6E32ECDFEAA004C0CA3 /* Build configuration list for PBXNativeTarget "Tracker" */;
			buildPhases = (
				2835E6CC2ECDFEA9004C0CA3 /* Sources */,
				2835E6CD2ECDFEA9004C0CA3 /* Frameworks */,
				2835E6CE2ECDFEA9004C0CA3 /* Resources */,
			);
			buildRules = (
			);
			dependencies = (
			);
			fileSystemSynchronizedGroups = (
				2835E6D22ECDFEA9004C0CA3 /* Tracker */,
			);
			name = Tracker;
			packageProductDependencies = (
				2850AB4E2F0DD6E5009FC1D2 /* AppMetricaAdSupport */,
				2850AB502F0DD6E5009FC1D2 /* AppMetricaCore */,
				2850AB522F0DD6E5009FC1D2 /* AppMetricaCrashes */,
				2850AB542F0DD6E5009FC1D2 /* AppMetricaIDSync */,
				2850AB562F0DD6E5009FC1D2 /* AppMetricaLibraryAdapter */,
				2850AB582F0DD6E5009FC1D2 /* AppMetricaScreenshot */,
				2850AB5A2F0DD6E5009FC1D2 /* AppMetricaWebKit */,
			);
			productName = Tracker;
			productReference = 2835E6D02ECDFEA9004C0CA3 /* Tracker.app */;
			productType = "com.apple.product-type.application";
		};
		2850AA312F0DC535009FC1D2 /* TrackerTests */ = {
			isa = PBXNativeTarget;
			buildConfigurationList = 2850AA382F0DC535009FC1D2 /* Build configuration list for PBXNativeTarget "TrackerTests" */;
			buildPhases = (
				2850AA2E2F0DC535009FC1D2 /* Sources */,
				2850AA2F2F0DC535009FC1D2 /* Frameworks */,
				2850AA302F0DC535009FC1D2 /* Resources */,
			);
			buildRules = (
			);
			dependencies = (
				2850AA372F0DC535009FC1D2 /* PBXTargetDependency */,
			);
			fileSystemSynchronizedGroups = (
				2850AA332F0DC535009FC1D2 /* TrackerTests */,
			);
			name = TrackerTests;
			packageProductDependencies = (
				2850AA882F0DC798009FC1D2 /* InlineSnapshotTesting */,
				2850AA8A2F0DC79C009FC1D2 /* SnapshotTesting */,
				2850AA8C2F0DC7A0009FC1D2 /* SnapshotTestingCustomDump */,
			);
			productName = TrackerTests;
			productReference = 2850AA322F0DC535009FC1D2 /* TrackerTests.xctest */;
			productType = "com.apple.product-type.bundle.unit-test";
		};
/* End PBXNativeTarget section */

/* Begin PBXProject section */
		2835E6C82ECDFEA9004C0CA3 /* Project object */ = {
			isa = PBXProject;
			attributes = {
				BuildIndependentTargetsInParallel = 1;
				LastSwiftUpdateCheck = 2620;
				LastUpgradeCheck = 2610;
				TargetAttributes = {
					2835E6CF2ECDFEA9004C0CA3 = {
						CreatedOnToolsVersion = 26.1.1;
					};
					2850AA312F0DC535009FC1D2 = {
						CreatedOnToolsVersion = 26.2;
						TestTargetID = 2835E6CF2ECDFEA9004C0CA3;
					};
				};
			};
			buildConfigurationList = 2835E6CB2ECDFEA9004C0CA3 /* Build configuration list for PBXProject "Tracker" */;
			developmentRegion = ru;
			hasScannedForEncodings = 0;
			knownRegions = (
				en,
				Base,
				ru,
			);
			mainGroup = 2835E6C72ECDFEA9004C0CA3;
			minimizedProjectReferenceProxies = 1;
			packageReferences = (
				2850AA3B2F0DC598009FC1D2 /* XCRemoteSwiftPackageReference "swift-snapshot-testing" */,
				2850AA9D2F0DCF5E009FC1D2 /* XCRemoteSwiftPackageReference "appmetrica-sdk-ios" */,
			);
			preferredProjectObjectVersion = 77;
			productRefGroup = 2835E6D12ECDFEA9004C0CA3 /* Products */;
			projectDirPath = "";
			projectRoot = "";
			targets = (
				2835E6CF2ECDFEA9004C0CA3 /* Tracker */,
				2850AA312F0DC535009FC1D2 /* TrackerTests */,
			);
		};
/* End PBXProject section */

/* Begin PBXResourcesBuildPhase section */
		2835E6CE2ECDFEA9004C0CA3 /* Resources */ = {
			isa = PBXResourcesBuildPhase;
			buildActionMask = 2147483647;
			files = (
			);
			runOnlyForDeploymentPostprocessing = 0;
		};
		2850AA302F0DC535009FC1D2 /* Resources */ = {
			isa = PBXResourcesBuildPhase;
			buildActionMask = 2147483647;
			files = (
			);
			runOnlyForDeploymentPostprocessing = 0;
		};
/* End PBXResourcesBuildPhase section */

/* Begin PBXSourcesBuildPhase section */
		2835E6CC2ECDFEA9004C0CA3 /* Sources */ = {
			isa = PBXSourcesBuildPhase;
			buildActionMask = 2147483647;
			files = (
			);
			runOnlyForDeploymentPostprocessing = 0;
		};
		2850AA2E2F0DC535009FC1D2 /* Sources */ = {
			isa = PBXSourcesBuildPhase;
			buildActionMask = 2147483647;
			files = (
			);
			runOnlyForDeploymentPostprocessing = 0;
		};
/* End PBXSourcesBuildPhase section */

/* Begin PBXTargetDependency section */
		2850AA372F0DC535009FC1D2 /* PBXTargetDependency */ = {
			isa = PBXTargetDependency;
			target = 2835E6CF2ECDFEA9004C0CA3 /* Tracker */;
			targetProxy = 2850AA362F0DC535009FC1D2 /* PBXContainerItemProxy */;
		};
/* End PBXTargetDependency section */

/* Begin XCBuildConfiguration section */
		2835E6E42ECDFEAA004C0CA3 /* Debug */ = {
			isa = XCBuildConfiguration;
			buildSettings = {
				ASSETCATALOG_COMPILER_APPICON_NAME = AppIcon;
				ASSETCATALOG_COMPILER_GLOBAL_ACCENT_COLOR_NAME = AccentColor;
				CODE_SIGN_STYLE = Automatic;
				CURRENT_PROJECT_VERSION = 1;
				GENERATE_INFOPLIST_FILE = YES;
				INFOPLIST_FILE = Tracker/Info.plist;
				INFOPLIST_KEY_UIApplicationSupportsIndirectInputEvents = YES;
				INFOPLIST_KEY_UILaunchStoryboardName = LaunchScreen;
				INFOPLIST_KEY_UIMainStoryboardFile = Main;
				INFOPLIST_KEY_UISupportedInterfaceOrientations_iPad = "UIInterfaceOrientationPortrait UIInterfaceOrientationPortraitUpsideDown UIInterfaceOrientationLandscapeLeft UIInterfaceOrientationLandscapeRight";
				INFOPLIST_KEY_UISupportedInterfaceOrientations_iPhone = "UIInterfaceOrientationPortrait UIInterfaceOrientationLandscapeLeft UIInterfaceOrientationLandscapeRight";
				LD_RUNPATH_SEARCH_PATHS = (
					"$(inherited)",
					"@executable_path/Frameworks",
				);
				MARKETING_VERSION = 1.0;
				PRODUCT_BUNDLE_IDENTIFIER = com.stpkch.Tracker;
				PRODUCT_NAME = "$(TARGET_NAME)";
				STRING_CATALOG_GENERATE_SYMBOLS = YES;
				SWIFT_APPROACHABLE_CONCURRENCY = YES;
				SWIFT_DEFAULT_ACTOR_ISOLATION = MainActor;
				SWIFT_EMIT_LOC_STRINGS = YES;
				SWIFT_UPCOMING_FEATURE_MEMBER_IMPORT_VISIBILITY = YES;
				SWIFT_VERSION = 5.0;
				TARGETED_DEVICE_FAMILY = "1,2";
			};
			name = Debug;
		};
		2835E6E52ECDFEAA004C0CA3 /* Release */ = {
			isa = XCBuildConfiguration;
			buildSettings = {
				ASSETCATALOG_COMPILER_APPICON_NAME = AppIcon;
				ASSETCATALOG_COMPILER_GLOBAL_ACCENT_COLOR_NAME = AccentColor;
				CODE_SIGN_STYLE = Automatic;
				CURRENT_PROJECT_VERSION = 1;
				GENERATE_INFOPLIST_FILE = YES;
				INFOPLIST_FILE = Tracker/Info.plist;
				INFOPLIST_KEY_UIApplicationSupportsIndirectInputEvents = YES;
				INFOPLIST_KEY_UILaunchStoryboardName = LaunchScreen;
				INFOPLIST_KEY_UIMainStoryboardFile = Main;
				INFOPLIST_KEY_UISupportedInterfaceOrientations_iPad = "UIInterfaceOrientationPortrait UIInterfaceOrientationPortraitUpsideDown UIInterfaceOrientationLandscapeLeft UIInterfaceOrientationLandscapeRight";
				INFOPLIST_KEY_UISupportedInterfaceOrientations_iPhone = "UIInterfaceOrientationPortrait UIInterfaceOrientationLandscapeLeft UIInterfaceOrientationLandscapeRight";
				LD_RUNPATH_SEARCH_PATHS = (
					"$(inherited)",
					"@executable_path/Frameworks",
				);
				MARKETING_VERSION = 1.0;
				PRODUCT_BUNDLE_IDENTIFIER = com.stpkch.Tracker;
				PRODUCT_NAME = "$(TARGET_NAME)";
				STRING_CATALOG_GENERATE_SYMBOLS = YES;
				SWIFT_APPROACHABLE_CONCURRENCY = YES;
				SWIFT_DEFAULT_ACTOR_ISOLATION = MainActor;
				SWIFT_EMIT_LOC_STRINGS = YES;
				SWIFT_UPCOMING_FEATURE_MEMBER_IMPORT_VISIBILITY = YES;
				SWIFT_VERSION = 5.0;
				TARGETED_DEVICE_FAMILY = "1,2";
			};
			name = Release;
		};
		2835E6E62ECDFEAA004C0CA3 /* Debug */ = {
			isa = XCBuildConfiguration;
			buildSettings = {
				ALWAYS_SEARCH_USER_PATHS = NO;
				ASSETCATALOG_COMPILER_GENERATE_SWIFT_ASSET_SYMBOL_EXTENSIONS = YES;
				CLANG_ANALYZER_LOCALIZABILITY_NONLOCALIZED = YES;
				CLANG_ANALYZER_NONNULL = YES;
				CLANG_ANALYZER_NUMBER_OBJECT_CONVERSION = YES_AGGRESSIVE;
				CLANG_CXX_LANGUAGE_STANDARD = "gnu++20";
				CLANG_ENABLE_MODULES = YES;
				CLANG_ENABLE_OBJC_ARC = YES;
				CLANG_ENABLE_OBJC_WEAK = YES;
				CLANG_WARN_BLOCK_CAPTURE_AUTORELEASING = YES;
				CLANG_WARN_BOOL_CONVERSION = YES;
				CLANG_WARN_COMMA = YES;
				CLANG_WARN_CONSTANT_CONVERSION = YES;
				CLANG_WARN_DEPRECATED_OBJC_IMPLEMENTATIONS = YES;
				CLANG_WARN_DIRECT_OBJC_ISA_USAGE = YES_ERROR;
				CLANG_WARN_DOCUMENTATION_COMMENTS = YES;
				CLANG_WARN_EMPTY_BODY = YES;
				CLANG_WARN_ENUM_CONVERSION = YES;
				CLANG_WARN_INFINITE_RECURSION = YES;
				CLANG_WARN_INT_CONVERSION = YES;
				CLANG_WARN_NON_LITERAL_NULL_CONVERSION = YES;
				CLANG_WARN_OBJC_IMPLICIT_RETAIN_SELF = YES;
				CLANG_WARN_OBJC_LITERAL_CONVERSION = YES;
				CLANG_WARN_OBJC_ROOT_CLASS = YES_ERROR;
				CLANG_WARN_QUOTED_INCLUDE_IN_FRAMEWORK_HEADER = YES;
				CLANG_WARN_RANGE_LOOP_ANALYSIS = YES;
				CLANG_WARN_STRICT_PROTOTYPES = YES;
				CLANG_WARN_SUSPICIOUS_MOVE = YES;
				CLANG_WARN_UNGUARDED_AVAILABILITY = YES_AGGRESSIVE;
				CLANG_WARN_UNREACHABLE_CODE = YES;
				CLANG_WARN__DUPLICATE_METHOD_MATCH = YES;
				COPY_PHASE_STRIP = NO;
				DEBUG_INFORMATION_FORMAT = dwarf;
				ENABLE_STRICT_OBJC_MSGSEND = YES;
				ENABLE_TESTABILITY = YES;
				ENABLE_USER_SCRIPT_SANDBOXING = YES;
				GCC_C_LANGUAGE_STANDARD = gnu17;
				GCC_DYNAMIC_NO_PIC = NO;
				GCC_NO_COMMON_BLOCKS = YES;
				GCC_OPTIMIZATION_LEVEL = 0;
				GCC_PREPROCESSOR_DEFINITIONS = (
					"DEBUG=1",
					"$(inherited)",
				);
				GCC_WARN_64_TO_32_BIT_CONVERSION = YES;
				GCC_WARN_ABOUT_RETURN_TYPE = YES_ERROR;
				GCC_WARN_UNDECLARED_SELECTOR = YES;
				GCC_WARN_UNINITIALIZED_AUTOS = YES_AGGRESSIVE;
				GCC_WARN_UNUSED_FUNCTION = YES;
				GCC_WARN_UNUSED_VARIABLE = YES;
				IPHONEOS_DEPLOYMENT_TARGET = 26.1;
				LOCALIZATION_PREFERS_STRING_CATALOGS = YES;
				MTL_ENABLE_DEBUG_INFO = INCLUDE_SOURCE;
				MTL_FAST_MATH = YES;
				ONLY_ACTIVE_ARCH = YES;
				SDKROOT = iphoneos;
				SWIFT_ACTIVE_COMPILATION_CONDITIONS = "DEBUG $(inherited)";
				SWIFT_OPTIMIZATION_LEVEL = "-Onone";
			};
			name = Debug;
		};
		2835E6E72ECDFEAA004C0CA3 /* Release */ = {
			isa = XCBuildConfiguration;
			buildSettings = {
				ALWAYS_SEARCH_USER_PATHS = NO;
				ASSETCATALOG_COMPILER_GENERATE_SWIFT_ASSET_SYMBOL_EXTENSIONS = YES;
				CLANG_ANALYZER_LOCALIZABILITY_NONLOCALIZED = YES;
				CLANG_ANALYZER_NONNULL = YES;
				CLANG_ANALYZER_NUMBER_OBJECT_CONVERSION = YES_AGGRESSIVE;
				CLANG_CXX_LANGUAGE_STANDARD = "gnu++20";
				CLANG_ENABLE_MODULES = YES;
				CLANG_ENABLE_OBJC_ARC = YES;
				CLANG_ENABLE_OBJC_WEAK = YES;
				CLANG_WARN_BLOCK_CAPTURE_AUTORELEASING = YES;
				CLANG_WARN_BOOL_CONVERSION = YES;
				CLANG_WARN_COMMA = YES;
				CLANG_WARN_CONSTANT_CONVERSION = YES;
				CLANG_WARN_DEPRECATED_OBJC_IMPLEMENTATIONS = YES;
				CLANG_WARN_DIRECT_OBJC_ISA_USAGE = YES_ERROR;
				CLANG_WARN_DOCUMENTATION_COMMENTS = YES;
				CLANG_WARN_EMPTY_BODY = YES;
				CLANG_WARN_ENUM_CONVERSION = YES;
				CLANG_WARN_INFINITE_RECURSION = YES;
				CLANG_WARN_INT_CONVERSION = YES;
				CLANG_WARN_NON_LITERAL_NULL_CONVERSION = YES;
				CLANG_WARN_OBJC_IMPLICIT_RETAIN_SELF = YES;
				CLANG_WARN_OBJC_LITERAL_CONVERSION = YES;
				CLANG_WARN_OBJC_ROOT_CLASS = YES_ERROR;
				CLANG_WARN_QUOTED_INCLUDE_IN_FRAMEWORK_HEADER = YES;
				CLANG_WARN_RANGE_LOOP_ANALYSIS = YES;
				CLANG_WARN_STRICT_PROTOTYPES = YES;
				CLANG_WARN_SUSPICIOUS_MOVE = YES;
				CLANG_WARN_UNGUARDED_AVAILABILITY = YES_AGGRESSIVE;
				CLANG_WARN_UNREACHABLE_CODE = YES;
				CLANG_WARN__DUPLICATE_METHOD_MATCH = YES;
				COPY_PHASE_STRIP = NO;
				DEBUG_INFORMATION_FORMAT = "dwarf-with-dsym";
				ENABLE_NS_ASSERTIONS = NO;
				ENABLE_STRICT_OBJC_MSGSEND = YES;
				ENABLE_USER_SCRIPT_SANDBOXING = YES;
				GCC_C_LANGUAGE_STANDARD = gnu17;
				GCC_NO_COMMON_BLOCKS = YES;
				GCC_WARN_64_TO_32_BIT_CONVERSION = YES;
				GCC_WARN_ABOUT_RETURN_TYPE = YES_ERROR;
				GCC_WARN_UNDECLARED_SELECTOR = YES;
				GCC_WARN_UNINITIALIZED_AUTOS = YES_AGGRESSIVE;
				GCC_WARN_UNUSED_FUNCTION = YES;
				GCC_WARN_UNUSED_VARIABLE = YES;
				IPHONEOS_DEPLOYMENT_TARGET = 26.1;
				LOCALIZATION_PREFERS_STRING_CATALOGS = YES;
				MTL_ENABLE_DEBUG_INFO = NO;
				MTL_FAST_MATH = YES;
				SDKROOT = iphoneos;
				SWIFT_COMPILATION_MODE = wholemodule;
				VALIDATE_PRODUCT = YES;
			};
			name = Release;
		};
		2850AA392F0DC535009FC1D2 /* Debug */ = {
			isa = XCBuildConfiguration;
			buildSettings = {
				BUNDLE_LOADER = "$(TEST_HOST)";
				CODE_SIGN_STYLE = Automatic;
				CURRENT_PROJECT_VERSION = 1;
				GENERATE_INFOPLIST_FILE = YES;
				IPHONEOS_DEPLOYMENT_TARGET = 26.1;
				MARKETING_VERSION = 1.0;
				PRODUCT_BUNDLE_IDENTIFIER = com.stpkch.TrackerTests;
				PRODUCT_NAME = "$(TARGET_NAME)";
				STRING_CATALOG_GENERATE_SYMBOLS = NO;
				SWIFT_APPROACHABLE_CONCURRENCY = YES;
				SWIFT_EMIT_LOC_STRINGS = NO;
				SWIFT_UPCOMING_FEATURE_MEMBER_IMPORT_VISIBILITY = YES;
				SWIFT_VERSION = 5.0;
				TARGETED_DEVICE_FAMILY = "1,2";
				TEST_HOST = "$(BUILT_PRODUCTS_DIR)/Tracker.app/$(BUNDLE_EXECUTABLE_FOLDER_PATH)/Tracker";
			};
			name = Debug;
		};
		2850AA3A2F0DC535009FC1D2 /* Release */ = {
			isa = XCBuildConfiguration;
			buildSettings = {
				BUNDLE_LOADER = "$(TEST_HOST)";
				CODE_SIGN_STYLE = Automatic;
				CURRENT_PROJECT_VERSION = 1;
				GENERATE_INFOPLIST_FILE = YES;
				IPHONEOS_DEPLOYMENT_TARGET = 26.1;
				MARKETING_VERSION = 1.0;
				PRODUCT_BUNDLE_IDENTIFIER = com.stpkch.TrackerTests;
				PRODUCT_NAME = "$(TARGET_NAME)";
				STRING_CATALOG_GENERATE_SYMBOLS = NO;
				SWIFT_APPROACHABLE_CONCURRENCY = YES;
				SWIFT_EMIT_LOC_STRINGS = NO;
				SWIFT_UPCOMING_FEATURE_MEMBER_IMPORT_VISIBILITY = YES;
				SWIFT_VERSION = 5.0;
				TARGETED_DEVICE_FAMILY = "1,2";
				TEST_HOST = "$(BUILT_PRODUCTS_DIR)/Tracker.app/$(BUNDLE_EXECUTABLE_FOLDER_PATH)/Tracker";
			};
			name = Release;
		};
/* End XCBuildConfiguration section */

/* Begin XCConfigurationList section */
		2835E6CB2ECDFEA9004C0CA3 /* Build configuration list for PBXProject "Tracker" */ = {
			isa = XCConfigurationList;
			buildConfigurations = (
				2835E6E62ECDFEAA004C0CA3 /* Debug */,
				2835E6E72ECDFEAA004C0CA3 /* Release */,
			);
			defaultConfigurationIsVisible = 0;
			defaultConfigurationName = Release;
		};
		2835E6E32ECDFEAA004C0CA3 /* Build configuration list for PBXNativeTarget "Tracker" */ = {
			isa = XCConfigurationList;
			buildConfigurations = (
				2835E6E42ECDFEAA004C0CA3 /* Debug */,
				2835E6E52ECDFEAA004C0CA3 /* Release */,
			);
			defaultConfigurationIsVisible = 0;
			defaultConfigurationName = Release;
		};
		2850AA382F0DC535009FC1D2 /* Build configuration list for PBXNativeTarget "TrackerTests" */ = {
			isa = XCConfigurationList;
			buildConfigurations = (
				2850AA392F0DC535009FC1D2 /* Debug */,
				2850AA3A2F0DC535009FC1D2 /* Release */,
			);
			defaultConfigurationIsVisible = 0;
			defaultConfigurationName = Release;
		};
/* End XCConfigurationList section */

/* Begin XCRemoteSwiftPackageReference section */
		2850AA3B2F0DC598009FC1D2 /* XCRemoteSwiftPackageReference "swift-snapshot-testing" */ = {
			isa = XCRemoteSwiftPackageReference;
			repositoryURL = "https://github.com/pointfreeco/swift-snapshot-testing";
			requirement = {
				kind = upToNextMajorVersion;
				minimumVersion = 1.18.7;
			};
		};
		2850AA9D2F0DCF5E009FC1D2 /* XCRemoteSwiftPackageReference "appmetrica-sdk-ios" */ = {
			isa = XCRemoteSwiftPackageReference;
			repositoryURL = "https://github.com/appmetrica/appmetrica-sdk-ios";
			requirement = {
				kind = upToNextMajorVersion;
				minimumVersion = 5.16.0;
			};
		};
/* End XCRemoteSwiftPackageReference section */

/* Begin XCSwiftPackageProductDependency section */
		2850AA882F0DC798009FC1D2 /* InlineSnapshotTesting */ = {
			isa = XCSwiftPackageProductDependency;
			package = 2850AA3B2F0DC598009FC1D2 /* XCRemoteSwiftPackageReference "swift-snapshot-testing" */;
			productName = InlineSnapshotTesting;
		};
		2850AA8A2F0DC79C009FC1D2 /* SnapshotTesting */ = {
			isa = XCSwiftPackageProductDependency;
			package = 2850AA3B2F0DC598009FC1D2 /* XCRemoteSwiftPackageReference "swift-snapshot-testing" */;
			productName = SnapshotTesting;
		};
		2850AA8C2F0DC7A0009FC1D2 /* SnapshotTestingCustomDump */ = {
			isa = XCSwiftPackageProductDependency;
			package = 2850AA3B2F0DC598009FC1D2 /* XCRemoteSwiftPackageReference "swift-snapshot-testing" */;
			productName = SnapshotTestingCustomDump;
		};
		2850AB4E2F0DD6E5009FC1D2 /* AppMetricaAdSupport */ = {
			isa = XCSwiftPackageProductDependency;
			package = 2850AA9D2F0DCF5E009FC1D2 /* XCRemoteSwiftPackageReference "appmetrica-sdk-ios" */;
			productName = AppMetricaAdSupport;
		};
		2850AB502F0DD6E5009FC1D2 /* AppMetricaCore */ = {
			isa = XCSwiftPackageProductDependency;
			package = 2850AA9D2F0DCF5E009FC1D2 /* XCRemoteSwiftPackageReference "appmetrica-sdk-ios" */;
			productName = AppMetricaCore;
		};
		2850AB522F0DD6E5009FC1D2 /* AppMetricaCrashes */ = {
			isa = XCSwiftPackageProductDependency;
			package = 2850AA9D2F0DCF5E009FC1D2 /* XCRemoteSwiftPackageReference "appmetrica-sdk-ios" */;
			productName = AppMetricaCrashes;
		};
		2850AB542F0DD6E5009FC1D2 /* AppMetricaIDSync */ = {
			isa = XCSwiftPackageProductDependency;
			package = 2850AA9D2F0DCF5E009FC1D2 /* XCRemoteSwiftPackageReference "appmetrica-sdk-ios" */;
			productName = AppMetricaIDSync;
		};
		2850AB562F0DD6E5009FC1D2 /* AppMetricaLibraryAdapter */ = {
			isa = XCSwiftPackageProductDependency;
			package = 2850AA9D2F0DCF5E009FC1D2 /* XCRemoteSwiftPackageReference "appmetrica-sdk-ios" */;
			productName = AppMetricaLibraryAdapter;
		};
		2850AB582F0DD6E5009FC1D2 /* AppMetricaScreenshot */ = {
			isa = XCSwiftPackageProductDependency;
			package = 2850AA9D2F0DCF5E009FC1D2 /* XCRemoteSwiftPackageReference "appmetrica-sdk-ios" */;
			productName = AppMetricaScreenshot;
		};
		2850AB5A2F0DD6E5009FC1D2 /* AppMetricaWebKit */ = {
			isa = XCSwiftPackageProductDependency;
			package = 2850AA9D2F0DCF5E009FC1D2 /* XCRemoteSwiftPackageReference "appmetrica-sdk-ios" */;
			productName = AppMetricaWebKit;
		};
/* End XCSwiftPackageProductDependency section */
	};
	rootObject = 2835E6C82ECDFEA9004C0CA3 /* Project object */;
}
